<?xml version="1.0" encoding="utf-8"?>
<Project ToolsVersion="4.0" xmlns="http://schemas.microsoft.com/developer/msbuild/2003">
  <ItemGroup>
    <ClCompile Include="xll_option.cpp">
      <Filter>Source Files</Filter>
    </ClCompile>
    <ClCompile Include="xll_variate\xll_variate.cpp">
      <Filter>Source Files</Filter>
    </ClCompile>
    <ClCompile Include="xll_variate\xll_variate_logistic.cpp">
      <Filter>Source Files</Filter>
    </ClCompile>
    <ClCompile Include="xll_variate\xll_variate_normal.cpp">
      <Filter>Source Files</Filter>
    </ClCompile>
  </ItemGroup>
  <ItemGroup>
    <None Include="packages.config" />
    <None Include="setup.bat" />
  </ItemGroup>
  <ItemGroup>
    <Filter Include="Header Files">
      <UniqueIdentifier>{0dd43c03-d7c1-460e-97ba-f289cf15c38d}</UniqueIdentifier>
    </Filter>
    <Filter Include="Source Files">
      <UniqueIdentifier>{26aa2dc5-3c87-409f-9aca-81919539c757}</UniqueIdentifier>
    </Filter>
  </ItemGroup>
  <ItemGroup>
    <ClInclude Include="xll_option.h">
      <Filter>Header Files</Filter>
    </ClInclude>
  </ItemGroup>
</Project>